
Microsoft Visual Studio Solution File, Format Version 12.00
# Visual Studio Version 17
VisualStudioVersion = 17.14.36401.2 d17.14
MinimumVisualStudioVersion = 10.0.40219.1
Project("{888888A0-9F3D-457C-B088-3A5042F75D52}") = "atomplot", "atomplot\atomplot.pyproj", "{B771A24B-165E-4850-8F6F-5685A5455B1B}"
EndProject
Global
	GlobalSection(SolutionConfigurationPlatforms) = preSolution
		Debug|Any CPU = Debug|Any CPU
		Release|Any CPU = Release|Any CPU
	EndGlobalSection
	GlobalSection(ProjectConfigurationPlatforms) = postSolution
		{B771A24B-165E-4850-8F6F-5685A5455B1B}.Debug|Any CPU.ActiveCfg = Debug|Any CPU
		{B771A24B-165E-4850-8F6F-5685A5455B1B}.Release|Any CPU.ActiveCfg = Release|Any CPU
	EndGlobalSection
	GlobalSection(SolutionProperties) = preSolution
		HideSolutionNode = FALSE
	EndGlobalSection
	GlobalSection(ExtensibilityGlobals) = postSolution
		SolutionGuid = {B0685E86-6920-490B-94CB-CC3F03548F46}
	EndGlobalSection
EndGlobal
